
Microsoft Visual Studio Solution File, Format Version 12.00
# Visual Studio 15
VisualStudioVersion = 15.0.27428.2015
MinimumVisualStudioVersion = 10.0.40219.1
Project("{8BC9CEB8-8B4A-11D0-8D11-00A0C91BC942}") = "Codejam Qualification Round 2019", "Codejam Qualification Round 2019\Codejam Qualification Round 2019.vcxproj", "{C28DC258-64FB-46F6-BFE3-477EB0FA04A3}"
EndProject
Global
	GlobalSection(SolutionConfigurationPlatforms) = preSolution
		Debug|x64 = Debug|x64
		Debug|x86 = Debug|x86
		Release|x64 = Release|x64
		Release|x86 = Release|x86
	EndGlobalSection
	GlobalSection(ProjectConfigurationPlatforms) = postSolution
		{C28DC258-64FB-46F6-BFE3-477EB0FA04A3}.Debug|x64.ActiveCfg = Debug|x64
		{C28DC258-64FB-46F6-BFE3-477EB0FA04A3}.Debug|x64.Build.0 = Debug|x64
		{C28DC258-64FB-46F6-BFE3-477EB0FA04A3}.Debug|x86.ActiveCfg = Debug|Win32
		{C28DC258-64FB-46F6-BFE3-477EB0FA04A3}.Debug|x86.Build.0 = Debug|Win32
		{C28DC258-64FB-46F6-BFE3-477EB0FA04A3}.Release|x64.ActiveCfg = Release|x64
		{C28DC258-64FB-46F6-BFE3-477EB0FA04A3}.Release|x64.Build.0 = Release|x64
		{C28DC258-64FB-46F6-BFE3-477EB0FA04A3}.Release|x86.ActiveCfg = Release|Win32
		{C28DC258-64FB-46F6-BFE3-477EB0FA04A3}.Release|x86.Build.0 = Release|Win32
	EndGlobalSection
	GlobalSection(SolutionProperties) = preSolution
		HideSolutionNode = FALSE
	EndGlobalSection
	GlobalSection(ExtensibilityGlobals) = postSolution
		SolutionGuid = {0AB5AC29-05EF-4E37-B5BF-5FDEACEC5D67}
	EndGlobalSection
EndGlobal
