
Microsoft Visual Studio Solution File, Format Version 12.00
# Visual Studio 15
VisualStudioVersion = 15.0.27428.2015
MinimumVisualStudioVersion = 10.0.40219.1
Project("{8BC9CEB8-8B4A-11D0-8D11-00A0C91BC942}") = "Study with YH 190402", "Study with YH 190402\Study with YH 190402.vcxproj", "{B588D0BB-D7DA-42BD-A8B1-D0EEBCD2622A}"
EndProject
Global
	GlobalSection(SolutionConfigurationPlatforms) = preSolution
		Debug|x64 = Debug|x64
		Debug|x86 = Debug|x86
		Release|x64 = Release|x64
		Release|x86 = Release|x86
	EndGlobalSection
	GlobalSection(ProjectConfigurationPlatforms) = postSolution
		{B588D0BB-D7DA-42BD-A8B1-D0EEBCD2622A}.Debug|x64.ActiveCfg = Debug|x64
		{B588D0BB-D7DA-42BD-A8B1-D0EEBCD2622A}.Debug|x64.Build.0 = Debug|x64
		{B588D0BB-D7DA-42BD-A8B1-D0EEBCD2622A}.Debug|x86.ActiveCfg = Debug|Win32
		{B588D0BB-D7DA-42BD-A8B1-D0EEBCD2622A}.Debug|x86.Build.0 = Debug|Win32
		{B588D0BB-D7DA-42BD-A8B1-D0EEBCD2622A}.Release|x64.ActiveCfg = Release|x64
		{B588D0BB-D7DA-42BD-A8B1-D0EEBCD2622A}.Release|x64.Build.0 = Release|x64
		{B588D0BB-D7DA-42BD-A8B1-D0EEBCD2622A}.Release|x86.ActiveCfg = Release|Win32
		{B588D0BB-D7DA-42BD-A8B1-D0EEBCD2622A}.Release|x86.Build.0 = Release|Win32
	EndGlobalSection
	GlobalSection(SolutionProperties) = preSolution
		HideSolutionNode = FALSE
	EndGlobalSection
	GlobalSection(ExtensibilityGlobals) = postSolution
		SolutionGuid = {F69B1144-4753-4EE9-B927-E7B98EAD8E31}
	EndGlobalSection
EndGlobal
