
Microsoft Visual Studio Solution File, Format Version 12.00
# Visual Studio 15
VisualStudioVersion = 15.0.27428.2015
MinimumVisualStudioVersion = 10.0.40219.1
Project("{8BC9CEB8-8B4A-11D0-8D11-00A0C91BC942}") = "Algorithm study with JM", "Algorithm study with JM\Algorithm study with JM.vcxproj", "{DFD8117A-188A-47BF-9862-8133CE13BACF}"
EndProject
Global
	GlobalSection(SolutionConfigurationPlatforms) = preSolution
		Debug|x64 = Debug|x64
		Debug|x86 = Debug|x86
		Release|x64 = Release|x64
		Release|x86 = Release|x86
	EndGlobalSection
	GlobalSection(ProjectConfigurationPlatforms) = postSolution
		{DFD8117A-188A-47BF-9862-8133CE13BACF}.Debug|x64.ActiveCfg = Debug|x64
		{DFD8117A-188A-47BF-9862-8133CE13BACF}.Debug|x64.Build.0 = Debug|x64
		{DFD8117A-188A-47BF-9862-8133CE13BACF}.Debug|x86.ActiveCfg = Debug|Win32
		{DFD8117A-188A-47BF-9862-8133CE13BACF}.Debug|x86.Build.0 = Debug|Win32
		{DFD8117A-188A-47BF-9862-8133CE13BACF}.Release|x64.ActiveCfg = Release|x64
		{DFD8117A-188A-47BF-9862-8133CE13BACF}.Release|x64.Build.0 = Release|x64
		{DFD8117A-188A-47BF-9862-8133CE13BACF}.Release|x86.ActiveCfg = Release|Win32
		{DFD8117A-188A-47BF-9862-8133CE13BACF}.Release|x86.Build.0 = Release|Win32
	EndGlobalSection
	GlobalSection(SolutionProperties) = preSolution
		HideSolutionNode = FALSE
	EndGlobalSection
	GlobalSection(ExtensibilityGlobals) = postSolution
		SolutionGuid = {8D7C70C0-B829-478B-A08C-AC99E23EE446}
	EndGlobalSection
EndGlobal
